// !$*UTF8*$!
{
	archiveVersion = 1;
	classes = {
	};
	objectVersion = 46;
	objects = {

/* Begin PBXBuildFile section */
		1D3623260D0F684500981E51 /* StraetoAppDelegate.m in Sources */ = {isa = PBXBuildFile; fileRef = 1D3623250D0F684500981E51 /* StraetoAppDelegate.m */; };
		1D60589B0D05DD56006BFB54 /* main.m in Sources */ = {isa = PBXBuildFile; fileRef = 29B97316FDCFA39411CA2CEA /* main.m */; };
		1D60589F0D05DD5A006BFB54 /* Foundation.framework in Frameworks */ = {isa = PBXBuildFile; fileRef = 1D30AB110D05D00D00671497 /* Foundation.framework */; };
		1DF5F4E00D08C38300B7A737 /* UIKit.framework in Frameworks */ = {isa = PBXBuildFile; fileRef = 1DF5F4DF0D08C38300B7A737 /* UIKit.framework */; };
		288765A50DF7441C002DB57D /* CoreGraphics.framework in Frameworks */ = {isa = PBXBuildFile; fileRef = 288765A40DF7441C002DB57D /* CoreGraphics.framework */; };
		28AD733F0D9D9553002E5188 /* MainWindow.xib in Resources */ = {isa = PBXBuildFile; fileRef = 28AD733E0D9D9553002E5188 /* MainWindow.xib */; };
		28D7ACF80DDB3853001CB0EB /* RealtimeLocationViewController.m in Sources */ = {isa = PBXBuildFile; fileRef = 28D7ACF70DDB3853001CB0EB /* RealtimeLocationViewController.m */; };
		682342FB161BAAF70088A776 /* ScheduleHeader.xib in Resources */ = {isa = PBXBuildFile; fileRef = 682342FA161BAAF70088A776 /* ScheduleHeader.xib */; };
		682458DD1620D30C00CC515D /* ScheduleErrorView.xib in Resources */ = {isa = PBXBuildFile; fileRef = 682458DC1620D30C00CC515D /* ScheduleErrorView.xib */; };
		684503D31624F598003BFDF5 /* Default-568h@2x.png in Resources */ = {isa = PBXBuildFile; fileRef = 684503D21624F598003BFDF5 /* Default-568h@2x.png */; };
		6856F1CE15355FD100BC0BB5 /* CoreLocation.framework in Frameworks */ = {isa = PBXBuildFile; fileRef = 6856F1CD15355FD100BC0BB5 /* CoreLocation.framework */; };
		685D956414B63C5000C89ED9 /* CFNetwork.framework in Frameworks */ = {isa = PBXBuildFile; fileRef = 685D956314B63C5000C89ED9 /* CFNetwork.framework */; };
		685D956614B63C5D00C89ED9 /* SystemConfiguration.framework in Frameworks */ = {isa = PBXBuildFile; fileRef = 685D956514B63C5D00C89ED9 /* SystemConfiguration.framework */; };
		685D956814B63C6E00C89ED9 /* MobileCoreServices.framework in Frameworks */ = {isa = PBXBuildFile; fileRef = 685D956714B63C6E00C89ED9 /* MobileCoreServices.framework */; };
		685D956A14B63C8D00C89ED9 /* libz.1.2.5.dylib in Frameworks */ = {isa = PBXBuildFile; fileRef = 685D956914B63C8D00C89ED9 /* libz.1.2.5.dylib */; };
		685D956D14B64C3C00C89ED9 /* BusLocation.m in Sources */ = {isa = PBXBuildFile; fileRef = 685D956C14B64C3C00C89ED9 /* BusLocation.m */; };
		68713FC91568A1430031FFCE /* JSONCleaner.m in Sources */ = {isa = PBXBuildFile; fileRef = 68713FC81568A1430031FFCE /* JSONCleaner.m */; };
		6878B2F7161B7C1100438DFB /* mapIcon.png in Resources */ = {isa = PBXBuildFile; fileRef = 6878B2F1161B7C1100438DFB /* mapIcon.png */; };
		6878B2F8161B7C1100438DFB /* mapIcon@2x.png in Resources */ = {isa = PBXBuildFile; fileRef = 6878B2F2161B7C1100438DFB /* mapIcon@2x.png */; };
		6878B2F9161B7C1100438DFB /* settingsIcon.png in Resources */ = {isa = PBXBuildFile; fileRef = 6878B2F3161B7C1100438DFB /* settingsIcon.png */; };
		6878B2FA161B7C1100438DFB /* settingsIcon@2x.png in Resources */ = {isa = PBXBuildFile; fileRef = 6878B2F4161B7C1100438DFB /* settingsIcon@2x.png */; };
		6878B2FB161B7C1100438DFB /* sheduleIcon.png in Resources */ = {isa = PBXBuildFile; fileRef = 6878B2F5161B7C1100438DFB /* sheduleIcon.png */; };
		6878B2FC161B7C1100438DFB /* sheduleIcon@2x.png in Resources */ = {isa = PBXBuildFile; fileRef = 6878B2F6161B7C1100438DFB /* sheduleIcon@2x.png */; };
		687DFD9616091A5000D13867 /* ScheduleCell.xib in Resources */ = {isa = PBXBuildFile; fileRef = 687DFD9516091A5000D13867 /* ScheduleCell.xib */; };
		687F654714D7A1C9001E6456 /* MainWindow-iPad.xib in Resources */ = {isa = PBXBuildFile; fileRef = 687F654614D7A1C9001E6456 /* MainWindow-iPad.xib */; };
		68889DEF15341ED80078B14E /* bus_stops.plist in Resources */ = {isa = PBXBuildFile; fileRef = 68889DEE15341ED80078B14E /* bus_stops.plist */; };
		68C75F8B15426732004B6D07 /* RoutHandler.m in Sources */ = {isa = PBXBuildFile; fileRef = 68C75F8A15426732004B6D07 /* RoutHandler.m */; };
		68CD6F291607FF6A00E07BC1 /* ScheduleViewController.m in Sources */ = {isa = PBXBuildFile; fileRef = 68CD6F271607FF6A00E07BC1 /* ScheduleViewController.m */; };
		68CD6F2A1607FF6A00E07BC1 /* ScheduleViewController.xib in Resources */ = {isa = PBXBuildFile; fileRef = 68CD6F281607FF6A00E07BC1 /* ScheduleViewController.xib */; };
		68D5476B14FC7233001899CB /* RealtimeLocationViewController.xib in Resources */ = {isa = PBXBuildFile; fileRef = 68D5476A14FC7233001899CB /* RealtimeLocationViewController.xib */; };
		68D5EDA7163A059400BD220D /* ScheduleHeader~ipad.xib in Resources */ = {isa = PBXBuildFile; fileRef = 68D5EDA6163A059400BD220D /* ScheduleHeader~ipad.xib */; };
		68DC734814C1FF89009E1A00 /* InAppSettings.bundle in Resources */ = {isa = PBXBuildFile; fileRef = 68DC734714C1FF89009E1A00 /* InAppSettings.bundle */; };
		68DC739014C20C13009E1A00 /* MessageUI.framework in Frameworks */ = {isa = PBXBuildFile; fileRef = 68DC738F14C20C13009E1A00 /* MessageUI.framework */; };
		68DC73B414C757C9009E1A00 /* BusBadgeView.m in Sources */ = {isa = PBXBuildFile; fileRef = 68DC73B314C757C9009E1A00 /* BusBadgeView.m */; };
		68E9E263160FC46300062C08 /* BusStop.m in Sources */ = {isa = PBXBuildFile; fileRef = 68E9E262160FC46300062C08 /* BusStop.m */; };
		68FB1B0E14B56C6500468CC7 /* MapKit.framework in Frameworks */ = {isa = PBXBuildFile; fileRef = 68FB1B0D14B56C6500468CC7 /* MapKit.framework */; };
		68FE3BBD15097213008D9719 /* icon-small~ipad@2x.png in Resources */ = {isa = PBXBuildFile; fileRef = 68FE3BBB15097213008D9719 /* icon-small~ipad@2x.png */; };
		68FE3BBE15097213008D9719 /* icon~ipad@2x.png in Resources */ = {isa = PBXBuildFile; fileRef = 68FE3BBC15097213008D9719 /* icon~ipad@2x.png */; };
		68FE5D6214B5FE400024CCC7 /* icon-small.png in Resources */ = {isa = PBXBuildFile; fileRef = 68FE5D5B14B5FE400024CCC7 /* icon-small.png */; };
		68FE5D6314B5FE400024CCC7 /* icon-small@2x.png in Resources */ = {isa = PBXBuildFile; fileRef = 68FE5D5C14B5FE400024CCC7 /* icon-small@2x.png */; };
		68FE5D6414B5FE400024CCC7 /* icon-small~ipad.png in Resources */ = {isa = PBXBuildFile; fileRef = 68FE5D5D14B5FE400024CCC7 /* icon-small~ipad.png */; };
		68FE5D6514B5FE400024CCC7 /* icon.png in Resources */ = {isa = PBXBuildFile; fileRef = 68FE5D5E14B5FE400024CCC7 /* icon.png */; };
		68FE5D6614B5FE400024CCC7 /* icon@2x.png in Resources */ = {isa = PBXBuildFile; fileRef = 68FE5D5F14B5FE400024CCC7 /* icon@2x.png */; };
		68FE5D6714B5FE400024CCC7 /* icon~ipad.png in Resources */ = {isa = PBXBuildFile; fileRef = 68FE5D6014B5FE400024CCC7 /* icon~ipad.png */; };
		68FE5D6814B5FE400024CCC7 /* icon~itunes.png in Resources */ = {isa = PBXBuildFile; fileRef = 68FE5D6114B5FE400024CCC7 /* icon~itunes.png */; };
		9175CBA1FDEE464BBFF6FAE7 /* libPods.a in Frameworks */ = {isa = PBXBuildFile; fileRef = 2996DAB2BB534170B7E85226 /* libPods.a */; };
		C05EC89A14D055A2003203A5 /* Localizable.strings in Resources */ = {isa = PBXBuildFile; fileRef = C05EC89C14D055A2003203A5 /* Localizable.strings */; };
/* End PBXBuildFile section */

/* Begin PBXFileReference section */
		1D30AB110D05D00D00671497 /* Foundation.framework */ = {isa = PBXFileReference; lastKnownFileType = wrapper.framework; name = Foundation.framework; path = System/Library/Frameworks/Foundation.framework; sourceTree = SDKROOT; };
		1D3623240D0F684500981E51 /* StraetoAppDelegate.h */ = {isa = PBXFileReference; fileEncoding = 4; lastKnownFileType = sourcecode.c.h; path = StraetoAppDelegate.h; sourceTree = "<group>"; };
		1D3623250D0F684500981E51 /* StraetoAppDelegate.m */ = {isa = PBXFileReference; fileEncoding = 4; lastKnownFileType = sourcecode.c.objc; path = StraetoAppDelegate.m; sourceTree = "<group>"; };
		1D6058910D05DD3D006BFB54 /* Strætó.app */ = {isa = PBXFileReference; explicitFileType = wrapper.application; includeInIndex = 0; path = "Strætó.app"; sourceTree = BUILT_PRODUCTS_DIR; };
		1DF5F4DF0D08C38300B7A737 /* UIKit.framework */ = {isa = PBXFileReference; lastKnownFileType = wrapper.framework; name = UIKit.framework; path = System/Library/Frameworks/UIKit.framework; sourceTree = SDKROOT; };
		288765A40DF7441C002DB57D /* CoreGraphics.framework */ = {isa = PBXFileReference; lastKnownFileType = wrapper.framework; name = CoreGraphics.framework; path = System/Library/Frameworks/CoreGraphics.framework; sourceTree = SDKROOT; };
		28AD733E0D9D9553002E5188 /* MainWindow.xib */ = {isa = PBXFileReference; lastKnownFileType = file.xib; path = MainWindow.xib; sourceTree = "<group>"; };
		28D7ACF60DDB3853001CB0EB /* RealtimeLocationViewController.h */ = {isa = PBXFileReference; fileEncoding = 4; lastKnownFileType = sourcecode.c.h; path = RealtimeLocationViewController.h; sourceTree = "<group>"; };
		28D7ACF70DDB3853001CB0EB /* RealtimeLocationViewController.m */ = {isa = PBXFileReference; fileEncoding = 4; lastKnownFileType = sourcecode.c.objc; path = RealtimeLocationViewController.m; sourceTree = "<group>"; };
		2996DAB2BB534170B7E85226 /* libPods.a */ = {isa = PBXFileReference; explicitFileType = archive.ar; includeInIndex = 0; path = libPods.a; sourceTree = BUILT_PRODUCTS_DIR; };
		29B97316FDCFA39411CA2CEA /* main.m */ = {isa = PBXFileReference; fileEncoding = 4; lastKnownFileType = sourcecode.c.objc; path = main.m; sourceTree = "<group>"; };
		32CA4F630368D1EE00C91783 /* Straeto_Prefix.pch */ = {isa = PBXFileReference; fileEncoding = 4; lastKnownFileType = sourcecode.c.h; path = Straeto_Prefix.pch; sourceTree = "<group>"; };
		52D90D39ECDB4735A20010C3 /* Pods.xcconfig */ = {isa = PBXFileReference; includeInIndex = 1; lastKnownFileType = text.xcconfig; name = Pods.xcconfig; path = Pods/Pods.xcconfig; sourceTree = "<group>"; };
		682342FA161BAAF70088A776 /* ScheduleHeader.xib */ = {isa = PBXFileReference; fileEncoding = 4; lastKnownFileType = file.xib; path = ScheduleHeader.xib; sourceTree = "<group>"; };
		682458DC1620D30C00CC515D /* ScheduleErrorView.xib */ = {isa = PBXFileReference; fileEncoding = 4; lastKnownFileType = file.xib; path = ScheduleErrorView.xib; sourceTree = "<group>"; };
		684503D21624F598003BFDF5 /* Default-568h@2x.png */ = {isa = PBXFileReference; lastKnownFileType = image.png; path = "Default-568h@2x.png"; sourceTree = "<group>"; };
		6856F1CD15355FD100BC0BB5 /* CoreLocation.framework */ = {isa = PBXFileReference; lastKnownFileType = wrapper.framework; name = CoreLocation.framework; path = System/Library/Frameworks/CoreLocation.framework; sourceTree = SDKROOT; };
		685D956314B63C5000C89ED9 /* CFNetwork.framework */ = {isa = PBXFileReference; lastKnownFileType = wrapper.framework; name = CFNetwork.framework; path = System/Library/Frameworks/CFNetwork.framework; sourceTree = SDKROOT; };
		685D956514B63C5D00C89ED9 /* SystemConfiguration.framework */ = {isa = PBXFileReference; lastKnownFileType = wrapper.framework; name = SystemConfiguration.framework; path = System/Library/Frameworks/SystemConfiguration.framework; sourceTree = SDKROOT; };
		685D956714B63C6E00C89ED9 /* MobileCoreServices.framework */ = {isa = PBXFileReference; lastKnownFileType = wrapper.framework; name = MobileCoreServices.framework; path = System/Library/Frameworks/MobileCoreServices.framework; sourceTree = SDKROOT; };
		685D956914B63C8D00C89ED9 /* libz.1.2.5.dylib */ = {isa = PBXFileReference; lastKnownFileType = "compiled.mach-o.dylib"; name = libz.1.2.5.dylib; path = usr/lib/libz.1.2.5.dylib; sourceTree = SDKROOT; };
		685D956B14B64C3C00C89ED9 /* BusLocation.h */ = {isa = PBXFileReference; fileEncoding = 4; lastKnownFileType = sourcecode.c.h; path = BusLocation.h; sourceTree = "<group>"; };
		685D956C14B64C3C00C89ED9 /* BusLocation.m */ = {isa = PBXFileReference; fileEncoding = 4; lastKnownFileType = sourcecode.c.objc; path = BusLocation.m; sourceTree = "<group>"; };
		68713FC71568A1430031FFCE /* JSONCleaner.h */ = {isa = PBXFileReference; fileEncoding = 4; lastKnownFileType = sourcecode.c.h; path = JSONCleaner.h; sourceTree = "<group>"; };
		68713FC81568A1430031FFCE /* JSONCleaner.m */ = {isa = PBXFileReference; fileEncoding = 4; lastKnownFileType = sourcecode.c.objc; path = JSONCleaner.m; sourceTree = "<group>"; };
		6878B2F1161B7C1100438DFB /* mapIcon.png */ = {isa = PBXFileReference; lastKnownFileType = image.png; name = mapIcon.png; path = Resources/mapIcon.png; sourceTree = "<group>"; };
		6878B2F2161B7C1100438DFB /* mapIcon@2x.png */ = {isa = PBXFileReference; lastKnownFileType = image.png; name = "mapIcon@2x.png"; path = "Resources/mapIcon@2x.png"; sourceTree = "<group>"; };
		6878B2F3161B7C1100438DFB /* settingsIcon.png */ = {isa = PBXFileReference; lastKnownFileType = image.png; name = settingsIcon.png; path = Resources/settingsIcon.png; sourceTree = "<group>"; };
		6878B2F4161B7C1100438DFB /* settingsIcon@2x.png */ = {isa = PBXFileReference; lastKnownFileType = image.png; name = "settingsIcon@2x.png"; path = "Resources/settingsIcon@2x.png"; sourceTree = "<group>"; };
		6878B2F5161B7C1100438DFB /* sheduleIcon.png */ = {isa = PBXFileReference; lastKnownFileType = image.png; name = sheduleIcon.png; path = Resources/sheduleIcon.png; sourceTree = "<group>"; };
		6878B2F6161B7C1100438DFB /* sheduleIcon@2x.png */ = {isa = PBXFileReference; lastKnownFileType = image.png; name = "sheduleIcon@2x.png"; path = "Resources/sheduleIcon@2x.png"; sourceTree = "<group>"; };
		687DFD9516091A5000D13867 /* ScheduleCell.xib */ = {isa = PBXFileReference; fileEncoding = 4; lastKnownFileType = file.xib; name = ScheduleCell.xib; path = ../ScheduleCell.xib; sourceTree = "<group>"; };
		687F654614D7A1C9001E6456 /* MainWindow-iPad.xib */ = {isa = PBXFileReference; lastKnownFileType = file.xib; name = "MainWindow-iPad.xib"; path = "iPad/MainWindow-iPad.xib"; sourceTree = "<group>"; };
		68889DEE15341ED80078B14E /* bus_stops.plist */ = {isa = PBXFileReference; fileEncoding = 4; lastKnownFileType = text.plist.xml; name = bus_stops.plist; path = Resources/bus_stops.plist; sourceTree = "<group>"; };
		68C75F8915426732004B6D07 /* RoutHandler.h */ = {isa = PBXFileReference; fileEncoding = 4; lastKnownFileType = sourcecode.c.h; path = RoutHandler.h; sourceTree = "<group>"; };
		68C75F8A15426732004B6D07 /* RoutHandler.m */ = {isa = PBXFileReference; fileEncoding = 4; lastKnownFileType = sourcecode.c.objc; path = RoutHandler.m; sourceTree = "<group>"; };
		68CD6F261607FF6A00E07BC1 /* ScheduleViewController.h */ = {isa = PBXFileReference; fileEncoding = 4; lastKnownFileType = sourcecode.c.h; path = ScheduleViewController.h; sourceTree = "<group>"; };
		68CD6F271607FF6A00E07BC1 /* ScheduleViewController.m */ = {isa = PBXFileReference; fileEncoding = 4; lastKnownFileType = sourcecode.c.objc; path = ScheduleViewController.m; sourceTree = "<group>"; };
		68CD6F281607FF6A00E07BC1 /* ScheduleViewController.xib */ = {isa = PBXFileReference; fileEncoding = 4; lastKnownFileType = file.xib; path = ScheduleViewController.xib; sourceTree = "<group>"; };
		68D5476A14FC7233001899CB /* RealtimeLocationViewController.xib */ = {isa = PBXFileReference; fileEncoding = 4; lastKnownFileType = file.xib; path = RealtimeLocationViewController.xib; sourceTree = "<group>"; };
		68D5EDA6163A059400BD220D /* ScheduleHeader~ipad.xib */ = {isa = PBXFileReference; fileEncoding = 4; lastKnownFileType = file.xib; path = "ScheduleHeader~ipad.xib"; sourceTree = "<group>"; };
		68DC734714C1FF89009E1A00 /* InAppSettings.bundle */ = {isa = PBXFileReference; lastKnownFileType = "wrapper.plug-in"; path = InAppSettings.bundle; sourceTree = "<group>"; };
		68DC738F14C20C13009E1A00 /* MessageUI.framework */ = {isa = PBXFileReference; lastKnownFileType = wrapper.framework; name = MessageUI.framework; path = System/Library/Frameworks/MessageUI.framework; sourceTree = SDKROOT; };
		68DC73B214C757C9009E1A00 /* BusBadgeView.h */ = {isa = PBXFileReference; fileEncoding = 4; lastKnownFileType = sourcecode.c.h; path = BusBadgeView.h; sourceTree = "<group>"; };
		68DC73B314C757C9009E1A00 /* BusBadgeView.m */ = {isa = PBXFileReference; fileEncoding = 4; lastKnownFileType = sourcecode.c.objc; path = BusBadgeView.m; sourceTree = "<group>"; };
		68E9E261160FC46300062C08 /* BusStop.h */ = {isa = PBXFileReference; fileEncoding = 4; lastKnownFileType = sourcecode.c.h; path = BusStop.h; sourceTree = "<group>"; };
		68E9E262160FC46300062C08 /* BusStop.m */ = {isa = PBXFileReference; fileEncoding = 4; lastKnownFileType = sourcecode.c.objc; path = BusStop.m; sourceTree = "<group>"; };
		68FB1B0D14B56C6500468CC7 /* MapKit.framework */ = {isa = PBXFileReference; lastKnownFileType = wrapper.framework; name = MapKit.framework; path = System/Library/Frameworks/MapKit.framework; sourceTree = SDKROOT; };
		68FE3BBB15097213008D9719 /* icon-small~ipad@2x.png */ = {isa = PBXFileReference; lastKnownFileType = image.png; name = "icon-small~ipad@2x.png"; path = "Resources/icon-small~ipad@2x.png"; sourceTree = "<group>"; };
		68FE3BBC15097213008D9719 /* icon~ipad@2x.png */ = {isa = PBXFileReference; lastKnownFileType = image.png; name = "icon~ipad@2x.png"; path = "Resources/icon~ipad@2x.png"; sourceTree = "<group>"; };
		68FE5D5B14B5FE400024CCC7 /* icon-small.png */ = {isa = PBXFileReference; lastKnownFileType = image.png; name = "icon-small.png"; path = "Resources/icon-small.png"; sourceTree = "<group>"; };
		68FE5D5C14B5FE400024CCC7 /* icon-small@2x.png */ = {isa = PBXFileReference; lastKnownFileType = image.png; name = "icon-small@2x.png"; path = "Resources/icon-small@2x.png"; sourceTree = "<group>"; };
		68FE5D5D14B5FE400024CCC7 /* icon-small~ipad.png */ = {isa = PBXFileReference; lastKnownFileType = image.png; name = "icon-small~ipad.png"; path = "Resources/icon-small~ipad.png"; sourceTree = "<group>"; };
		68FE5D5E14B5FE400024CCC7 /* icon.png */ = {isa = PBXFileReference; lastKnownFileType = image.png; name = icon.png; path = Resources/icon.png; sourceTree = "<group>"; };
		68FE5D5F14B5FE400024CCC7 /* icon@2x.png */ = {isa = PBXFileReference; lastKnownFileType = image.png; name = "icon@2x.png"; path = "Resources/icon@2x.png"; sourceTree = "<group>"; };
		68FE5D6014B5FE400024CCC7 /* icon~ipad.png */ = {isa = PBXFileReference; lastKnownFileType = image.png; name = "icon~ipad.png"; path = "Resources/icon~ipad.png"; sourceTree = "<group>"; };
		68FE5D6114B5FE400024CCC7 /* icon~itunes.png */ = {isa = PBXFileReference; lastKnownFileType = image.png; name = "icon~itunes.png"; path = "Resources/icon~itunes.png"; sourceTree = "<group>"; };
		8D1107310486CEB800E47090 /* Straeto-Info.plist */ = {isa = PBXFileReference; fileEncoding = 4; lastKnownFileType = text.plist.xml; path = "Straeto-Info.plist"; plistStructureDefinitionIdentifier = "com.apple.xcode.plist.structure-definition.iphone.info-plist"; sourceTree = "<group>"; };
		C05EC89614D05507003203A5 /* Constants.h */ = {isa = PBXFileReference; fileEncoding = 4; lastKnownFileType = sourcecode.c.h; path = Constants.h; sourceTree = "<group>"; };
		C05EC89B14D055A2003203A5 /* en */ = {isa = PBXFileReference; lastKnownFileType = text.plist.strings; name = en; path = en.lproj/Localizable.strings; sourceTree = "<group>"; };
/* End PBXFileReference section */

/* Begin PBXFrameworksBuildPhase section */
		1D60588F0D05DD3D006BFB54 /* Frameworks */ = {
			isa = PBXFrameworksBuildPhase;
			buildActionMask = 2147483647;
			files = (
				6856F1CE15355FD100BC0BB5 /* CoreLocation.framework in Frameworks */,
				68DC739014C20C13009E1A00 /* MessageUI.framework in Frameworks */,
				685D956A14B63C8D00C89ED9 /* libz.1.2.5.dylib in Frameworks */,
				685D956814B63C6E00C89ED9 /* MobileCoreServices.framework in Frameworks */,
				685D956614B63C5D00C89ED9 /* SystemConfiguration.framework in Frameworks */,
				685D956414B63C5000C89ED9 /* CFNetwork.framework in Frameworks */,
				1D60589F0D05DD5A006BFB54 /* Foundation.framework in Frameworks */,
				1DF5F4E00D08C38300B7A737 /* UIKit.framework in Frameworks */,
				288765A50DF7441C002DB57D /* CoreGraphics.framework in Frameworks */,
				68FB1B0E14B56C6500468CC7 /* MapKit.framework in Frameworks */,
				9175CBA1FDEE464BBFF6FAE7 /* libPods.a in Frameworks */,
			);
			runOnlyForDeploymentPostprocessing = 0;
		};
/* End PBXFrameworksBuildPhase section */

/* Begin PBXGroup section */
		080E96DDFE201D6D7F000001 /* Classes */ = {
			isa = PBXGroup;
			children = (
				68DC73B214C757C9009E1A00 /* BusBadgeView.h */,
				68DC73B314C757C9009E1A00 /* BusBadgeView.m */,
				685D956B14B64C3C00C89ED9 /* BusLocation.h */,
				685D956C14B64C3C00C89ED9 /* BusLocation.m */,
				68E9E261160FC46300062C08 /* BusStop.h */,
				68E9E262160FC46300062C08 /* BusStop.m */,
				C05EC89614D05507003203A5 /* Constants.h */,
				68713FC71568A1430031FFCE /* JSONCleaner.h */,
				68713FC81568A1430031FFCE /* JSONCleaner.m */,
				68C75F8915426732004B6D07 /* RoutHandler.h */,
				68C75F8A15426732004B6D07 /* RoutHandler.m */,
				687DFD9516091A5000D13867 /* ScheduleCell.xib */,
				68CD6F261607FF6A00E07BC1 /* ScheduleViewController.h */,
				68CD6F271607FF6A00E07BC1 /* ScheduleViewController.m */,
				68CD6F281607FF6A00E07BC1 /* ScheduleViewController.xib */,
				1D3623240D0F684500981E51 /* StraetoAppDelegate.h */,
				1D3623250D0F684500981E51 /* StraetoAppDelegate.m */,
				28D7ACF60DDB3853001CB0EB /* RealtimeLocationViewController.h */,
				28D7ACF70DDB3853001CB0EB /* RealtimeLocationViewController.m */,
				682342FA161BAAF70088A776 /* ScheduleHeader.xib */,
				68D5EDA6163A059400BD220D /* ScheduleHeader~ipad.xib */,
				682458DC1620D30C00CC515D /* ScheduleErrorView.xib */,
			);
			path = Classes;
			sourceTree = "<group>";
		};
		19C28FACFE9D520D11CA2CBB /* Products */ = {
			isa = PBXGroup;
			children = (
				1D6058910D05DD3D006BFB54 /* Strætó.app */,
			);
			name = Products;
			sourceTree = "<group>";
		};
		29B97314FDCFA39411CA2CEA /* CustomTemplate */ = {
			isa = PBXGroup;
			children = (
				684503D21624F598003BFDF5 /* Default-568h@2x.png */,
				688137C115EB043E0028EB62 /* External */,
				080E96DDFE201D6D7F000001 /* Classes */,
				29B97315FDCFA39411CA2CEA /* Other Sources */,
				29B97317FDCFA39411CA2CEA /* Resources */,
				687F654514D7A1C8001E6456 /* iPad */,
				29B97323FDCFA39411CA2CEA /* Frameworks */,
				19C28FACFE9D520D11CA2CBB /* Products */,
				68DC734714C1FF89009E1A00 /* InAppSettings.bundle */,
				52D90D39ECDB4735A20010C3 /* Pods.xcconfig */,
			);
			name = CustomTemplate;
			sourceTree = "<group>";
		};
		29B97315FDCFA39411CA2CEA /* Other Sources */ = {
			isa = PBXGroup;
			children = (
				32CA4F630368D1EE00C91783 /* Straeto_Prefix.pch */,
				29B97316FDCFA39411CA2CEA /* main.m */,
			);
			name = "Other Sources";
			sourceTree = "<group>";
		};
		29B97317FDCFA39411CA2CEA /* Resources */ = {
			isa = PBXGroup;
			children = (
				6878B2FE161B7C1800438DFB /* Tabicons */,
				685D951314B5FF5700C89ED9 /* Icons */,
				28AD733E0D9D9553002E5188 /* MainWindow.xib */,
				8D1107310486CEB800E47090 /* Straeto-Info.plist */,
				C05EC89C14D055A2003203A5 /* Localizable.strings */,
				68889DEE15341ED80078B14E /* bus_stops.plist */,
			);
			name = Resources;
			sourceTree = "<group>";
		};
		29B97323FDCFA39411CA2CEA /* Frameworks */ = {
			isa = PBXGroup;
			children = (
				6856F1CD15355FD100BC0BB5 /* CoreLocation.framework */,
				68DC738F14C20C13009E1A00 /* MessageUI.framework */,
				685D956914B63C8D00C89ED9 /* libz.1.2.5.dylib */,
				685D956714B63C6E00C89ED9 /* MobileCoreServices.framework */,
				685D956514B63C5D00C89ED9 /* SystemConfiguration.framework */,
				685D956314B63C5000C89ED9 /* CFNetwork.framework */,
				1DF5F4DF0D08C38300B7A737 /* UIKit.framework */,
				1D30AB110D05D00D00671497 /* Foundation.framework */,
				288765A40DF7441C002DB57D /* CoreGraphics.framework */,
				68FB1B0D14B56C6500468CC7 /* MapKit.framework */,
				2996DAB2BB534170B7E85226 /* libPods.a */,
			);
			name = Frameworks;
			sourceTree = "<group>";
		};
		685D951314B5FF5700C89ED9 /* Icons */ = {
			isa = PBXGroup;
			children = (
				68FE5D5B14B5FE400024CCC7 /* icon-small.png */,
				68FE5D5C14B5FE400024CCC7 /* icon-small@2x.png */,
				68FE5D5D14B5FE400024CCC7 /* icon-small~ipad.png */,
				68FE5D5E14B5FE400024CCC7 /* icon.png */,
				68FE5D5F14B5FE400024CCC7 /* icon@2x.png */,
				68FE5D6014B5FE400024CCC7 /* icon~ipad.png */,
				68FE3BBB15097213008D9719 /* icon-small~ipad@2x.png */,
				68FE3BBC15097213008D9719 /* icon~ipad@2x.png */,
				68FE5D6114B5FE400024CCC7 /* icon~itunes.png */,
			);
			name = Icons;
			sourceTree = "<group>";
		};
		6878B2FE161B7C1800438DFB /* Tabicons */ = {
			isa = PBXGroup;
			children = (
				6878B2F1161B7C1100438DFB /* mapIcon.png */,
				6878B2F2161B7C1100438DFB /* mapIcon@2x.png */,
				6878B2F3161B7C1100438DFB /* settingsIcon.png */,
				6878B2F4161B7C1100438DFB /* settingsIcon@2x.png */,
				6878B2F5161B7C1100438DFB /* sheduleIcon.png */,
				6878B2F6161B7C1100438DFB /* sheduleIcon@2x.png */,
			);
			name = Tabicons;
			sourceTree = "<group>";
		};
		687F654514D7A1C8001E6456 /* iPad */ = {
			isa = PBXGroup;
			children = (
				687F654614D7A1C9001E6456 /* MainWindow-iPad.xib */,
				68D5476A14FC7233001899CB /* RealtimeLocationViewController.xib */,
			);
			name = iPad;
			sourceTree = "<group>";
		};
		688137C115EB043E0028EB62 /* External */ = {
			isa = PBXGroup;
			children = (
			);
			name = External;
			sourceTree = "<group>";
		};
/* End PBXGroup section */

/* Begin PBXNativeTarget section */
		1D6058900D05DD3D006BFB54 /* Straeto */ = {
			isa = PBXNativeTarget;
			buildConfigurationList = 1D6058960D05DD3E006BFB54 /* Build configuration list for PBXNativeTarget "Straeto" */;
			buildPhases = (
				BB866EC5102B41DB98A077AE /* Check Pods Manifest.lock */,
				1D60588D0D05DD3D006BFB54 /* Resources */,
				1D60588E0D05DD3D006BFB54 /* Sources */,
				1D60588F0D05DD3D006BFB54 /* Frameworks */,
				3BCEEBED47EE42958ABA217B /* Copy Pods Resources */,
			);
			buildRules = (
			);
			dependencies = (
			);
			name = Straeto;
			productName = Straeto;
			productReference = 1D6058910D05DD3D006BFB54 /* Strætó.app */;
			productType = "com.apple.product-type.application";
		};
/* End PBXNativeTarget section */

/* Begin PBXProject section */
		29B97313FDCFA39411CA2CEA /* Project object */ = {
			isa = PBXProject;
			attributes = {
				LastUpgradeCheck = 0500;
			};
			buildConfigurationList = C01FCF4E08A954540054247B /* Build configuration list for PBXProject "Straeto" */;
			compatibilityVersion = "Xcode 3.2";
			developmentRegion = English;
			hasScannedForEncodings = 1;
			knownRegions = (
				English,
				Japanese,
				French,
				German,
			);
			mainGroup = 29B97314FDCFA39411CA2CEA /* CustomTemplate */;
			projectDirPath = "";
			projectRoot = "";
			targets = (
				1D6058900D05DD3D006BFB54 /* Straeto */,
			);
		};
/* End PBXProject section */

/* Begin PBXResourcesBuildPhase section */
		1D60588D0D05DD3D006BFB54 /* Resources */ = {
			isa = PBXResourcesBuildPhase;
			buildActionMask = 2147483647;
			files = (
				28AD733F0D9D9553002E5188 /* MainWindow.xib in Resources */,
				68FE5D6214B5FE400024CCC7 /* icon-small.png in Resources */,
				68FE5D6314B5FE400024CCC7 /* icon-small@2x.png in Resources */,
				68FE5D6414B5FE400024CCC7 /* icon-small~ipad.png in Resources */,
				68FE5D6514B5FE400024CCC7 /* icon.png in Resources */,
				68FE5D6614B5FE400024CCC7 /* icon@2x.png in Resources */,
				68FE5D6714B5FE400024CCC7 /* icon~ipad.png in Resources */,
				68FE5D6814B5FE400024CCC7 /* icon~itunes.png in Resources */,
				68DC734814C1FF89009E1A00 /* InAppSettings.bundle in Resources */,
				C05EC89A14D055A2003203A5 /* Localizable.strings in Resources */,
				687F654714D7A1C9001E6456 /* MainWindow-iPad.xib in Resources */,
				68D5476B14FC7233001899CB /* RealtimeLocationViewController.xib in Resources */,
				68FE3BBD15097213008D9719 /* icon-small~ipad@2x.png in Resources */,
				68FE3BBE15097213008D9719 /* icon~ipad@2x.png in Resources */,
				68889DEF15341ED80078B14E /* bus_stops.plist in Resources */,
				68CD6F2A1607FF6A00E07BC1 /* ScheduleViewController.xib in Resources */,
				687DFD9616091A5000D13867 /* ScheduleCell.xib in Resources */,
				6878B2F7161B7C1100438DFB /* mapIcon.png in Resources */,
				6878B2F8161B7C1100438DFB /* mapIcon@2x.png in Resources */,
				6878B2F9161B7C1100438DFB /* settingsIcon.png in Resources */,
				6878B2FA161B7C1100438DFB /* settingsIcon@2x.png in Resources */,
				6878B2FB161B7C1100438DFB /* sheduleIcon.png in Resources */,
				6878B2FC161B7C1100438DFB /* sheduleIcon@2x.png in Resources */,
				682342FB161BAAF70088A776 /* ScheduleHeader.xib in Resources */,
				682458DD1620D30C00CC515D /* ScheduleErrorView.xib in Resources */,
				684503D31624F598003BFDF5 /* Default-568h@2x.png in Resources */,
				68D5EDA7163A059400BD220D /* ScheduleHeader~ipad.xib in Resources */,
			);
			runOnlyForDeploymentPostprocessing = 0;
		};
/* End PBXResourcesBuildPhase section */

/* Begin PBXShellScriptBuildPhase section */
		3BCEEBED47EE42958ABA217B /* Copy Pods Resources */ = {
			isa = PBXShellScriptBuildPhase;
			buildActionMask = 2147483647;
			files = (
			);
			inputPaths = (
			);
			name = "Copy Pods Resources";
			outputPaths = (
			);
			runOnlyForDeploymentPostprocessing = 0;
			shellPath = /bin/sh;
			shellScript = "\"${SRCROOT}/Pods/Pods-resources.sh\"\n";
			showEnvVarsInLog = 0;
		};
		BB866EC5102B41DB98A077AE /* Check Pods Manifest.lock */ = {
			isa = PBXShellScriptBuildPhase;
			buildActionMask = 2147483647;
			files = (
			);
			inputPaths = (
			);
			name = "Check Pods Manifest.lock";
			outputPaths = (
			);
			runOnlyForDeploymentPostprocessing = 0;
			shellPath = /bin/sh;
			shellScript = "diff \"${PODS_ROOT}/../Podfile.lock\" \"${PODS_ROOT}/Manifest.lock\" > /dev/null\nif [[ $? != 0 ]] ; then\n    cat << EOM\nerror: The sandbox is not in sync with the Podfile.lock. Run 'pod install' or update your CocoaPods installation.\nEOM\n    exit 1\nfi\n";
			showEnvVarsInLog = 0;
		};
/* End PBXShellScriptBuildPhase section */

/* Begin PBXSourcesBuildPhase section */
		1D60588E0D05DD3D006BFB54 /* Sources */ = {
			isa = PBXSourcesBuildPhase;
			buildActionMask = 2147483647;
			files = (
				1D60589B0D05DD56006BFB54 /* main.m in Sources */,
				1D3623260D0F684500981E51 /* StraetoAppDelegate.m in Sources */,
				28D7ACF80DDB3853001CB0EB /* RealtimeLocationViewController.m in Sources */,
				685D956D14B64C3C00C89ED9 /* BusLocation.m in Sources */,
				68DC73B414C757C9009E1A00 /* BusBadgeView.m in Sources */,
				68C75F8B15426732004B6D07 /* RoutHandler.m in Sources */,
				68713FC91568A1430031FFCE /* JSONCleaner.m in Sources */,
				68CD6F291607FF6A00E07BC1 /* ScheduleViewController.m in Sources */,
				68E9E263160FC46300062C08 /* BusStop.m in Sources */,
			);
			runOnlyForDeploymentPostprocessing = 0;
		};
/* End PBXSourcesBuildPhase section */

/* Begin PBXVariantGroup section */
		C05EC89C14D055A2003203A5 /* Localizable.strings */ = {
			isa = PBXVariantGroup;
			children = (
				C05EC89B14D055A2003203A5 /* en */,
			);
			name = Localizable.strings;
			sourceTree = "<group>";
		};
/* End PBXVariantGroup section */

/* Begin XCBuildConfiguration section */
		1D6058940D05DD3E006BFB54 /* Debug */ = {
			isa = XCBuildConfiguration;
			baseConfigurationReference = 52D90D39ECDB4735A20010C3 /* Pods.xcconfig */;
			buildSettings = {
				ALWAYS_SEARCH_USER_PATHS = NO;
				CLANG_ENABLE_OBJC_ARC = YES;
				CODE_SIGN_IDENTITY = "iPhone Developer";
				COPY_PHASE_STRIP = NO;
				GCC_DYNAMIC_NO_PIC = NO;
				GCC_OPTIMIZATION_LEVEL = 0;
				GCC_PRECOMPILE_PREFIX_HEADER = YES;
				GCC_PREFIX_HEADER = Straeto_Prefix.pch;
				INFOPLIST_FILE = "Straeto-Info.plist";
				IPHONEOS_DEPLOYMENT_TARGET = 5.0;
				LIBRARY_SEARCH_PATHS = "$(inherited)";
				PRODUCT_NAME = "Strætó";
				PROVISIONING_PROFILE = "";
				TARGETED_DEVICE_FAMILY = "1,2";
			};
			name = Debug;
		};
		1D6058950D05DD3E006BFB54 /* Release */ = {
			isa = XCBuildConfiguration;
			baseConfigurationReference = 52D90D39ECDB4735A20010C3 /* Pods.xcconfig */;
			buildSettings = {
				ALWAYS_SEARCH_USER_PATHS = NO;
				CLANG_ENABLE_OBJC_ARC = YES;
				CODE_SIGN_IDENTITY = "iPhone Distribution";
				"CODE_SIGN_IDENTITY[sdk=iphoneos*]" = "iPhone Distribution";
				COPY_PHASE_STRIP = YES;
				GCC_PRECOMPILE_PREFIX_HEADER = YES;
				GCC_PREFIX_HEADER = Straeto_Prefix.pch;
				INFOPLIST_FILE = "Straeto-Info.plist";
				IPHONEOS_DEPLOYMENT_TARGET = 5.0;
				LIBRARY_SEARCH_PATHS = "$(inherited)";
				PRODUCT_NAME = "Strætó";
				PROVISIONING_PROFILE = "";
				"PROVISIONING_PROFILE[sdk=iphoneos*]" = "";
				TARGETED_DEVICE_FAMILY = "1,2";
				VALIDATE_PRODUCT = YES;
			};
			name = Release;
		};
		68ECC250163A244300082DB3 /* App Store */ = {
			isa = XCBuildConfiguration;
			buildSettings = {
				CODE_SIGN_IDENTITY = "iPhone Developer";
				"CODE_SIGN_IDENTITY[sdk=iphoneos*]" = "iPhone Developer";
				GCC_C_LANGUAGE_STANDARD = c99;
				GCC_WARN_ABOUT_RETURN_TYPE = YES;
				GCC_WARN_UNUSED_VARIABLE = YES;
				IPHONEOS_DEPLOYMENT_TARGET = 4.0;
				OTHER_CFLAGS = "-DNS_BLOCK_ASSERTIONS=1";
				PROVISIONING_PROFILE = "";
				SDKROOT = iphoneos;
			};
			name = "App Store";
		};
		68ECC251163A244300082DB3 /* App Store */ = {
			isa = XCBuildConfiguration;
			baseConfigurationReference = 52D90D39ECDB4735A20010C3 /* Pods.xcconfig */;
			buildSettings = {
				ALWAYS_SEARCH_USER_PATHS = NO;
				CLANG_ENABLE_OBJC_ARC = YES;
				CODE_SIGN_IDENTITY = "iPhone Distribution: �rni J�nsson";
				"CODE_SIGN_IDENTITY[sdk=iphoneos*]" = "iPhone Distribution: �rni J�nsson";
				COPY_PHASE_STRIP = YES;
				GCC_PRECOMPILE_PREFIX_HEADER = YES;
				GCC_PREFIX_HEADER = Straeto_Prefix.pch;
				INFOPLIST_FILE = "Straeto-Info.plist";
				IPHONEOS_DEPLOYMENT_TARGET = 5.0;
				LIBRARY_SEARCH_PATHS = "$(inherited)";
				PRODUCT_NAME = "Strætó";
				PROVISIONING_PROFILE = "1F8C1C48-B0A2-4773-B07C-E430AC19D2FB";
				"PROVISIONING_PROFILE[sdk=iphoneos*]" = "1F8C1C48-B0A2-4773-B07C-E430AC19D2FB";
				TARGETED_DEVICE_FAMILY = "1,2";
				VALIDATE_PRODUCT = YES;
			};
			name = "App Store";
		};
		68F975191568CC920048FBCB /* Ad hoc */ = {
			isa = XCBuildConfiguration;
			buildSettings = {
				CODE_SIGN_IDENTITY = "iPhone Distribution: �rni J�nsson";
				"CODE_SIGN_IDENTITY[sdk=iphoneos*]" = "iPhone Developer";
				GCC_C_LANGUAGE_STANDARD = c99;
				GCC_WARN_ABOUT_RETURN_TYPE = YES;
				GCC_WARN_UNUSED_VARIABLE = YES;
				IPHONEOS_DEPLOYMENT_TARGET = 4.0;
				OTHER_CFLAGS = "-DNS_BLOCK_ASSERTIONS=1";
				PROVISIONING_PROFILE = "96F09322-6FD1-4077-83D5-26A20DB32BEB";
				SDKROOT = iphoneos;
			};
			name = "Ad hoc";
		};
		68F9751A1568CC920048FBCB /* Ad hoc */ = {
			isa = XCBuildConfiguration;
			baseConfigurationReference = 52D90D39ECDB4735A20010C3 /* Pods.xcconfig */;
			buildSettings = {
				ALWAYS_SEARCH_USER_PATHS = NO;
				CLANG_ENABLE_OBJC_ARC = YES;
				CODE_SIGN_IDENTITY = "iPhone Distribution: �rni J�nsson";
				"CODE_SIGN_IDENTITY[sdk=iphoneos*]" = "iPhone Distribution: �rni J�nsson";
				COPY_PHASE_STRIP = YES;
				GCC_PRECOMPILE_PREFIX_HEADER = YES;
				GCC_PREFIX_HEADER = Straeto_Prefix.pch;
				INFOPLIST_FILE = "Straeto-Info.plist";
				IPHONEOS_DEPLOYMENT_TARGET = 5.0;
				LIBRARY_SEARCH_PATHS = "$(inherited)";
				PRODUCT_NAME = "Strætó";
				PROVISIONING_PROFILE = "375D3509-7143-4B65-B3CD-B1A51F4D25AE";
				"PROVISIONING_PROFILE[sdk=iphoneos*]" = "375D3509-7143-4B65-B3CD-B1A51F4D25AE";
				TARGETED_DEVICE_FAMILY = "1,2";
				VALIDATE_PRODUCT = YES;
			};
			name = "Ad hoc";
		};
		C01FCF4F08A954540054247B /* Debug */ = {
			isa = XCBuildConfiguration;
			buildSettings = {
				CODE_SIGN_IDENTITY = "iPhone Developer";
				"CODE_SIGN_IDENTITY[sdk=iphoneos*]" = "iPhone Developer";
				GCC_C_LANGUAGE_STANDARD = c99;
				GCC_WARN_ABOUT_RETURN_TYPE = YES;
				GCC_WARN_UNUSED_VARIABLE = YES;
				IPHONEOS_DEPLOYMENT_TARGET = 4.0;
				ONLY_ACTIVE_ARCH = YES;
				PROVISIONING_PROFILE = "";
				SDKROOT = iphoneos;
			};
			name = Debug;
		};
		C01FCF5008A954540054247B /* Release */ = {
			isa = XCBuildConfiguration;
			buildSettings = {
				CODE_SIGN_IDENTITY = "iPhone Developer";
				"CODE_SIGN_IDENTITY[sdk=iphoneos*]" = "iPhone Developer";
				GCC_C_LANGUAGE_STANDARD = c99;
				GCC_WARN_ABOUT_RETURN_TYPE = YES;
				GCC_WARN_UNUSED_VARIABLE = YES;
				IPHONEOS_DEPLOYMENT_TARGET = 4.0;
				OTHER_CFLAGS = "-DNS_BLOCK_ASSERTIONS=1";
				PROVISIONING_PROFILE = "";
				SDKROOT = iphoneos;
			};
			name = Release;
		};
/* End XCBuildConfiguration section */

/* Begin XCConfigurationList section */
		1D6058960D05DD3E006BFB54 /* Build configuration list for PBXNativeTarget "Straeto" */ = {
			isa = XCConfigurationList;
			buildConfigurations = (
				1D6058940D05DD3E006BFB54 /* Debug */,
				1D6058950D05DD3E006BFB54 /* Release */,
				68ECC251163A244300082DB3 /* App Store */,
				68F9751A1568CC920048FBCB /* Ad hoc */,
			);
			defaultConfigurationIsVisible = 0;
			defaultConfigurationName = Release;
		};
		C01FCF4E08A954540054247B /* Build configuration list for PBXProject "Straeto" */ = {
			isa = XCConfigurationList;
			buildConfigurations = (
				C01FCF4F08A954540054247B /* Debug */,
				C01FCF5008A954540054247B /* Release */,
				68ECC250163A244300082DB3 /* App Store */,
				68F975191568CC920048FBCB /* Ad hoc */,
			);
			defaultConfigurationIsVisible = 0;
			defaultConfigurationName = Release;
		};
/* End XCConfigurationList section */
	};
	rootObject = 29B97313FDCFA39411CA2CEA /* Project object */;
}
